// !$*UTF8*$!
{
	archiveVersion = 1;
	classes = {
	};
	objectVersion = 50;
	objects = {

/* Begin PBXBuildFile section */
		36064F0B259055CE00CCCB05 /* RaceTestApp.swift in Sources */ = {isa = PBXBuildFile; fileRef = 36064F0A259055CE00CCCB05 /* RaceTestApp.swift */; };
		36064F0D259055CE00CCCB05 /* ContentView.swift in Sources */ = {isa = PBXBuildFile; fileRef = 36064F0C259055CE00CCCB05 /* ContentView.swift */; };
		36064F0F259055D300CCCB05 /* Assets.xcassets in Resources */ = {isa = PBXBuildFile; fileRef = 36064F0E259055D300CCCB05 /* Assets.xcassets */; };
		36064F12259055D400CCCB05 /* Preview Assets.xcassets in Resources */ = {isa = PBXBuildFile; fileRef = 36064F11259055D400CCCB05 /* Preview Assets.xcassets */; };
		36064F1D259055D400CCCB05 /* RaceTestTests.swift in Sources */ = {isa = PBXBuildFile; fileRef = 36064F1C259055D400CCCB05 /* RaceTestTests.swift */; };
		36064F28259055D400CCCB05 /* RaceTestUITests.swift in Sources */ = {isa = PBXBuildFile; fileRef = 36064F27259055D400CCCB05 /* RaceTestUITests.swift */; };
/* End PBXBuildFile section */

/* Begin PBXContainerItemProxy section */
		36064F19259055D400CCCB05 /* PBXContainerItemProxy */ = {
			isa = PBXContainerItemProxy;
			containerPortal = 36064EFF259055CE00CCCB05 /* Project object */;
			proxyType = 1;
			remoteGlobalIDString = 36064F06259055CE00CCCB05;
			remoteInfo = RaceTest;
		};
		36064F24259055D400CCCB05 /* PBXContainerItemProxy */ = {
			isa = PBXContainerItemProxy;
			containerPortal = 36064EFF259055CE00CCCB05 /* Project object */;
			proxyType = 1;
			remoteGlobalIDString = 36064F06259055CE00CCCB05;
			remoteInfo = RaceTest;
		};
/* End PBXContainerItemProxy section */

/* Begin PBXFileReference section */
		36064F07259055CE00CCCB05 /* RaceTest.app */ = {isa = PBXFileReference; explicitFileType = wrapper.application; includeInIndex = 0; path = RaceTest.app; sourceTree = BUILT_PRODUCTS_DIR; };
		36064F0A259055CE00CCCB05 /* RaceTestApp.swift */ = {isa = PBXFileReference; lastKnownFileType = sourcecode.swift; path = RaceTestApp.swift; sourceTree = "<group>"; };
		36064F0C259055CE00CCCB05 /* ContentView.swift */ = {isa = PBXFileReference; lastKnownFileType = sourcecode.swift; path = ContentView.swift; sourceTree = "<group>"; };
		36064F0E259055D300CCCB05 /* Assets.xcassets */ = {isa = PBXFileReference; lastKnownFileType = folder.assetcatalog; path = Assets.xcassets; sourceTree = "<group>"; };
		36064F11259055D400CCCB05 /* Preview Assets.xcassets */ = {isa = PBXFileReference; lastKnownFileType = folder.assetcatalog; path = "Preview Assets.xcassets"; sourceTree = "<group>"; };
		36064F13259055D400CCCB05 /* Info.plist */ = {isa = PBXFileReference; lastKnownFileType = text.plist.xml; path = Info.plist; sourceTree = "<group>"; };
		36064F18259055D400CCCB05 /* RaceTestTests.xctest */ = {isa = PBXFileReference; explicitFileType = wrapper.cfbundle; includeInIndex = 0; path = RaceTestTests.xctest; sourceTree = BUILT_PRODUCTS_DIR; };
		36064F1C259055D400CCCB05 /* RaceTestTests.swift */ = {isa = PBXFileReference; lastKnownFileType = sourcecode.swift; path = RaceTestTests.swift; sourceTree = "<group>"; };
		36064F1E259055D400CCCB05 /* Info.plist */ = {isa = PBXFileReference; lastKnownFileType = text.plist.xml; path = Info.plist; sourceTree = "<group>"; };
		36064F23259055D400CCCB05 /* RaceTestUITests.xctest */ = {isa = PBXFileReference; explicitFileType = wrapper.cfbundle; includeInIndex = 0; path = RaceTestUITests.xctest; sourceTree = BUILT_PRODUCTS_DIR; };
		36064F27259055D400CCCB05 /* RaceTestUITests.swift */ = {isa = PBXFileReference; lastKnownFileType = sourcecode.swift; path = RaceTestUITests.swift; sourceTree = "<group>"; };
		36064F29259055D400CCCB05 /* Info.plist */ = {isa = PBXFileReference; lastKnownFileType = text.plist.xml; path = Info.plist; sourceTree = "<group>"; };
/* End PBXFileReference section */

/* Begin PBXFrameworksBuildPhase section */
		36064F04259055CE00CCCB05 /* Frameworks */ = {
			isa = PBXFrameworksBuildPhase;
			buildActionMask = 2147483647;
			files = (
			);
			runOnlyForDeploymentPostprocessing = 0;
		};
		36064F15259055D400CCCB05 /* Frameworks */ = {
			isa = PBXFrameworksBuildPhase;
			buildActionMask = 2147483647;
			files = (
			);
			runOnlyForDeploymentPostprocessing = 0;
		};
		36064F20259055D400CCCB05 /* Frameworks */ = {
			isa = PBXFrameworksBuildPhase;
			buildActionMask = 2147483647;
			files = (
			);
			runOnlyForDeploymentPostprocessing = 0;
		};
/* End PBXFrameworksBuildPhase section */

/* Begin PBXGroup section */
		36064EFE259055CE00CCCB05 = {
			isa = PBXGroup;
			children = (
				36064F09259055CE00CCCB05 /* RaceTest */,
				36064F1B259055D400CCCB05 /* RaceTestTests */,
				36064F26259055D400CCCB05 /* RaceTestUITests */,
				36064F08259055CE00CCCB05 /* Products */,
			);
			sourceTree = "<group>";
		};
		36064F08259055CE00CCCB05 /* Products */ = {
			isa = PBXGroup;
			children = (
				36064F07259055CE00CCCB05 /* RaceTest.app */,
				36064F18259055D400CCCB05 /* RaceTestTests.xctest */,
				36064F23259055D400CCCB05 /* RaceTestUITests.xctest */,
			);
			name = Products;
			sourceTree = "<group>";
		};
		36064F09259055CE00CCCB05 /* RaceTest */ = {
			isa = PBXGroup;
			children = (
				36064F0A259055CE00CCCB05 /* RaceTestApp.swift */,
				36064F0C259055CE00CCCB05 /* ContentView.swift */,
				36064F0E259055D300CCCB05 /* Assets.xcassets */,
				36064F13259055D400CCCB05 /* Info.plist */,
				36064F10259055D400CCCB05 /* Preview Content */,
			);
			path = RaceTest;
			sourceTree = "<group>";
		};
		36064F10259055D400CCCB05 /* Preview Content */ = {
			isa = PBXGroup;
			children = (
				36064F11259055D400CCCB05 /* Preview Assets.xcassets */,
			);
			path = "Preview Content";
			sourceTree = "<group>";
		};
		36064F1B259055D400CCCB05 /* RaceTestTests */ = {
			isa = PBXGroup;
			children = (
				36064F1C259055D400CCCB05 /* RaceTestTests.swift */,
				36064F1E259055D400CCCB05 /* Info.plist */,
			);
			path = RaceTestTests;
			sourceTree = "<group>";
		};
		36064F26259055D400CCCB05 /* RaceTestUITests */ = {
			isa = PBXGroup;
			children = (
				36064F27259055D400CCCB05 /* RaceTestUITests.swift */,
				36064F29259055D400CCCB05 /* Info.plist */,
			);
			path = RaceTestUITests;
			sourceTree = "<group>";
		};
/* End PBXGroup section */

/* Begin PBXNativeTarget section */
		36064F06259055CE00CCCB05 /* RaceTest */ = {
			isa = PBXNativeTarget;
			buildConfigurationList = 36064F2C259055D400CCCB05 /* Build configuration list for PBXNativeTarget "RaceTest" */;
			buildPhases = (
				36064F03259055CE00CCCB05 /* Sources */,
				36064F04259055CE00CCCB05 /* Frameworks */,
				36064F05259055CE00CCCB05 /* Resources */,
			);
			buildRules = (
			);
			dependencies = (
			);
			name = RaceTest;
			productName = RaceTest;
			productReference = 36064F07259055CE00CCCB05 /* RaceTest.app */;
			productType = "com.apple.product-type.application";
		};
		36064F17259055D400CCCB05 /* RaceTestTests */ = {
			isa = PBXNativeTarget;
			buildConfigurationList = 36064F2F259055D400CCCB05 /* Build configuration list for PBXNativeTarget "RaceTestTests" */;
			buildPhases = (
				36064F14259055D400CCCB05 /* Sources */,
				36064F15259055D400CCCB05 /* Frameworks */,
				36064F16259055D400CCCB05 /* Resources */,
			);
			buildRules = (
			);
			dependencies = (
				36064F1A259055D400CCCB05 /* PBXTargetDependency */,
			);
			name = RaceTestTests;
			productName = RaceTestTests;
			productReference = 36064F18259055D400CCCB05 /* RaceTestTests.xctest */;
			productType = "com.apple.product-type.bundle.unit-test";
		};
		36064F22259055D400CCCB05 /* RaceTestUITests */ = {
			isa = PBXNativeTarget;
			buildConfigurationList = 36064F32259055D400CCCB05 /* Build configuration list for PBXNativeTarget "RaceTestUITests" */;
			buildPhases = (
				36064F1F259055D400CCCB05 /* Sources */,
				36064F20259055D400CCCB05 /* Frameworks */,
				36064F21259055D400CCCB05 /* Resources */,
			);
			buildRules = (
			);
			dependencies = (
				36064F25259055D400CCCB05 /* PBXTargetDependency */,
			);
			name = RaceTestUITests;
			productName = RaceTestUITests;
			productReference = 36064F23259055D400CCCB05 /* RaceTestUITests.xctest */;
			productType = "com.apple.product-type.bundle.ui-testing";
		};
/* End PBXNativeTarget section */

/* Begin PBXProject section */
		36064EFF259055CE00CCCB05 /* Project object */ = {
			isa = PBXProject;
			attributes = {
				LastSwiftUpdateCheck = 1210;
				LastUpgradeCheck = 1210;
				TargetAttributes = {
					36064F06259055CE00CCCB05 = {
						CreatedOnToolsVersion = 12.1;
					};
					36064F17259055D400CCCB05 = {
						CreatedOnToolsVersion = 12.1;
						TestTargetID = 36064F06259055CE00CCCB05;
					};
					36064F22259055D400CCCB05 = {
						CreatedOnToolsVersion = 12.1;
						TestTargetID = 36064F06259055CE00CCCB05;
					};
				};
			};
			buildConfigurationList = 36064F02259055CE00CCCB05 /* Build configuration list for PBXProject "RaceTest" */;
			compatibilityVersion = "Xcode 9.3";
			developmentRegion = en;
			hasScannedForEncodings = 0;
			knownRegions = (
				en,
				Base,
			);
			mainGroup = 36064EFE259055CE00CCCB05;
			productRefGroup = 36064F08259055CE00CCCB05 /* Products */;
			projectDirPath = "";
			projectRoot = "";
			targets = (
				36064F06259055CE00CCCB05 /* RaceTest */,
				36064F17259055D400CCCB05 /* RaceTestTests */,
				36064F22259055D400CCCB05 /* RaceTestUITests */,
			);
		};
/* End PBXProject section */

/* Begin PBXResourcesBuildPhase section */
		36064F05259055CE00CCCB05 /* Resources */ = {
			isa = PBXResourcesBuildPhase;
			buildActionMask = 2147483647;
			files = (
				36064F12259055D400CCCB05 /* Preview Assets.xcassets in Resources */,
				36064F0F259055D300CCCB05 /* Assets.xcassets in Resources */,
			);
			runOnlyForDeploymentPostprocessing = 0;
		};
		36064F16259055D400CCCB05 /* Resources */ = {
			isa = PBXResourcesBuildPhase;
			buildActionMask = 2147483647;
			files = (
			);
			runOnlyForDeploymentPostprocessing = 0;
		};
		36064F21259055D400CCCB05 /* Resources */ = {
			isa = PBXResourcesBuildPhase;
			buildActionMask = 2147483647;
			files = (
			);
			runOnlyForDeploymentPostprocessing = 0;
		};
/* End PBXResourcesBuildPhase section */

/* Begin PBXSourcesBuildPhase section */
		36064F03259055CE00CCCB05 /* Sources */ = {
			isa = PBXSourcesBuildPhase;
			buildActionMask = 2147483647;
			files = (
				36064F0D259055CE00CCCB05 /* ContentView.swift in Sources */,
				36064F0B259055CE00CCCB05 /* RaceTestApp.swift in Sources */,
			);
			runOnlyForDeploymentPostprocessing = 0;
		};
		36064F14259055D400CCCB05 /* Sources */ = {
			isa = PBXSourcesBuildPhase;
			buildActionMask = 2147483647;
			files = (
				36064F1D259055D400CCCB05 /* RaceTestTests.swift in Sources */,
			);
			runOnlyForDeploymentPostprocessing = 0;
		};
		36064F1F259055D400CCCB05 /* Sources */ = {
			isa = PBXSourcesBuildPhase;
			buildActionMask = 2147483647;
			files = (
				36064F28259055D400CCCB05 /* RaceTestUITests.swift in Sources */,
			);
			runOnlyForDeploymentPostprocessing = 0;
		};
/* End PBXSourcesBuildPhase section */

/* Begin PBXTargetDependency section */
		36064F1A259055D400CCCB05 /* PBXTargetDependency */ = {
			isa = PBXTargetDependency;
			target = 36064F06259055CE00CCCB05 /* RaceTest */;
			targetProxy = 36064F19259055D400CCCB05 /* PBXContainerItemProxy */;
		};
		36064F25259055D400CCCB05 /* PBXTargetDependency */ = {
			isa = PBXTargetDependency;
			target = 36064F06259055CE00CCCB05 /* RaceTest */;
			targetProxy = 36064F24259055D400CCCB05 /* PBXContainerItemProxy */;
		};
/* End PBXTargetDependency section */

/* Begin XCBuildConfiguration section */
		36064F2A259055D400CCCB05 /* Debug */ = {
			isa = XCBuildConfiguration;
			buildSettings = {
				ALWAYS_SEARCH_USER_PATHS = NO;
				CLANG_ANALYZER_NONNULL = YES;
				CLANG_ANALYZER_NUMBER_OBJECT_CONVERSION = YES_AGGRESSIVE;
				CLANG_CXX_LANGUAGE_STANDARD = "gnu++14";
				CLANG_CXX_LIBRARY = "libc++";
				CLANG_ENABLE_MODULES = YES;
				CLANG_ENABLE_OBJC_ARC = YES;
				CLANG_ENABLE_OBJC_WEAK = YES;
				CLANG_WARN_BLOCK_CAPTURE_AUTORELEASING = YES;
				CLANG_WARN_BOOL_CONVERSION = YES;
				CLANG_WARN_COMMA = YES;
				CLANG_WARN_CONSTANT_CONVERSION = YES;
				CLANG_WARN_DEPRECATED_OBJC_IMPLEMENTATIONS = YES;
				CLANG_WARN_DIRECT_OBJC_ISA_USAGE = YES_ERROR;
				CLANG_WARN_DOCUMENTATION_COMMENTS = YES;
				CLANG_WARN_EMPTY_BODY = YES;
				CLANG_WARN_ENUM_CONVERSION = YES;
				CLANG_WARN_INFINITE_RECURSION = YES;
				CLANG_WARN_INT_CONVERSION = YES;
				CLANG_WARN_NON_LITERAL_NULL_CONVERSION = YES;
				CLANG_WARN_OBJC_IMPLICIT_RETAIN_SELF = YES;
				CLANG_WARN_OBJC_LITERAL_CONVERSION = YES;
				CLANG_WARN_OBJC_ROOT_CLASS = YES_ERROR;
				CLANG_WARN_QUOTED_INCLUDE_IN_FRAMEWORK_HEADER = YES;
				CLANG_WARN_RANGE_LOOP_ANALYSIS = YES;
				CLANG_WARN_STRICT_PROTOTYPES = YES;
				CLANG_WARN_SUSPICIOUS_MOVE = YES;
				CLANG_WARN_UNGUARDED_AVAILABILITY = YES_AGGRESSIVE;
				CLANG_WARN_UNREACHABLE_CODE = YES;
				CLANG_WARN__DUPLICATE_METHOD_MATCH = YES;
				COPY_PHASE_STRIP = NO;
				DEBUG_INFORMATION_FORMAT = dwarf;
				ENABLE_STRICT_OBJC_MSGSEND = YES;
				ENABLE_TESTABILITY = YES;
				GCC_C_LANGUAGE_STANDARD = gnu11;
				GCC_DYNAMIC_NO_PIC = NO;
				GCC_NO_COMMON_BLOCKS = YES;
				GCC_OPTIMIZATION_LEVEL = 0;
				GCC_PREPROCESSOR_DEFINITIONS = (
					"DEBUG=1",
					"$(inherited)",
				);
				GCC_WARN_64_TO_32_BIT_CONVERSION = YES;
				GCC_WARN_ABOUT_RETURN_TYPE = YES_ERROR;
				GCC_WARN_UNDECLARED_SELECTOR = YES;
				GCC_WARN_UNINITIALIZED_AUTOS = YES_AGGRESSIVE;
				GCC_WARN_UNUSED_FUNCTION = YES;
				GCC_WARN_UNUSED_VARIABLE = YES;
				IPHONEOS_DEPLOYMENT_TARGET = 14.1;
				MTL_ENABLE_DEBUG_INFO = INCLUDE_SOURCE;
				MTL_FAST_MATH = YES;
				ONLY_ACTIVE_ARCH = YES;
				SDKROOT = iphoneos;
				SWIFT_ACTIVE_COMPILATION_CONDITIONS = DEBUG;
				SWIFT_OPTIMIZATION_LEVEL = "-Onone";
			};
			name = Debug;
		};
		36064F2B259055D400CCCB05 /* Release */ = {
			isa = XCBuildConfiguration;
			buildSettings = {
				ALWAYS_SEARCH_USER_PATHS = NO;
				CLANG_ANALYZER_NONNULL = YES;
				CLANG_ANALYZER_NUMBER_OBJECT_CONVERSION = YES_AGGRESSIVE;
				CLANG_CXX_LANGUAGE_STANDARD = "gnu++14";
				CLANG_CXX_LIBRARY = "libc++";
				CLANG_ENABLE_MODULES = YES;
				CLANG_ENABLE_OBJC_ARC = YES;
				CLANG_ENABLE_OBJC_WEAK = YES;
				CLANG_WARN_BLOCK_CAPTURE_AUTORELEASING = YES;
				CLANG_WARN_BOOL_CONVERSION = YES;
				CLANG_WARN_COMMA = YES;
				CLANG_WARN_CONSTANT_CONVERSION = YES;
				CLANG_WARN_DEPRECATED_OBJC_IMPLEMENTATIONS = YES;
				CLANG_WARN_DIRECT_OBJC_ISA_USAGE = YES_ERROR;
				CLANG_WARN_DOCUMENTATION_COMMENTS = YES;
				CLANG_WARN_EMPTY_BODY = YES;
				CLANG_WARN_ENUM_CONVERSION = YES;
				CLANG_WARN_INFINITE_RECURSION = YES;
				CLANG_WARN_INT_CONVERSION = YES;
				CLANG_WARN_NON_LITERAL_NULL_CONVERSION = YES;
				CLANG_WARN_OBJC_IMPLICIT_RETAIN_SELF = YES;
				CLANG_WARN_OBJC_LITERAL_CONVERSION = YES;
				CLANG_WARN_OBJC_ROOT_CLASS = YES_ERROR;
				CLANG_WARN_QUOTED_INCLUDE_IN_FRAMEWORK_HEADER = YES;
				CLANG_WARN_RANGE_LOOP_ANALYSIS = YES;
				CLANG_WARN_STRICT_PROTOTYPES = YES;
				CLANG_WARN_SUSPICIOUS_MOVE = YES;
				CLANG_WARN_UNGUARDED_AVAILABILITY = YES_AGGRESSIVE;
				CLANG_WARN_UNREACHABLE_CODE = YES;
				CLANG_WARN__DUPLICATE_METHOD_MATCH = YES;
				COPY_PHASE_STRIP = NO;
				DEBUG_INFORMATION_FORMAT = "dwarf-with-dsym";
				ENABLE_NS_ASSERTIONS = NO;
				ENABLE_STRICT_OBJC_MSGSEND = YES;
				GCC_C_LANGUAGE_STANDARD = gnu11;
				GCC_NO_COMMON_BLOCKS = YES;
				GCC_WARN_64_TO_32_BIT_CONVERSION = YES;
				GCC_WARN_ABOUT_RETURN_TYPE = YES_ERROR;
				GCC_WARN_UNDECLARED_SELECTOR = YES;
				GCC_WARN_UNINITIALIZED_AUTOS = YES_AGGRESSIVE;
				GCC_WARN_UNUSED_FUNCTION = YES;
				GCC_WARN_UNUSED_VARIABLE = YES;
				IPHONEOS_DEPLOYMENT_TARGET = 14.1;
				MTL_ENABLE_DEBUG_INFO = NO;
				MTL_FAST_MATH = YES;
				SDKROOT = iphoneos;
				SWIFT_COMPILATION_MODE = wholemodule;
				SWIFT_OPTIMIZATION_LEVEL = "-O";
				VALIDATE_PRODUCT = YES;
			};
			name = Release;
		};
		36064F2D259055D400CCCB05 /* Debug */ = {
			isa = XCBuildConfiguration;
			buildSettings = {
				ASSETCATALOG_COMPILER_APPICON_NAME = AppIcon;
				ASSETCATALOG_COMPILER_GLOBAL_ACCENT_COLOR_NAME = AccentColor;
				CODE_SIGN_STYLE = Automatic;
				DEVELOPMENT_ASSET_PATHS = "\"RaceTest/Preview Content\"";
				ENABLE_PREVIEWS = YES;
				INFOPLIST_FILE = RaceTest/Info.plist;
				IPHONEOS_DEPLOYMENT_TARGET = 14.0;
				LD_RUNPATH_SEARCH_PATHS = (
					"$(inherited)",
					"@executable_path/Frameworks",
				);
				PRODUCT_BUNDLE_IDENTIFIER = com.zenoo.RaceTest;
				PRODUCT_NAME = "$(TARGET_NAME)";
				SWIFT_VERSION = 5.0;
				TARGETED_DEVICE_FAMILY = "1,2";
			};
			name = Debug;
		};
		36064F2E259055D400CCCB05 /* Release */ = {
			isa = XCBuildConfiguration;
			buildSettings = {
				ASSETCATALOG_COMPILER_APPICON_NAME = AppIcon;
				ASSETCATALOG_COMPILER_GLOBAL_ACCENT_COLOR_NAME = AccentColor;
				CODE_SIGN_STYLE = Automatic;
				DEVELOPMENT_ASSET_PATHS = "\"RaceTest/Preview Content\"";
				ENABLE_PREVIEWS = YES;
				INFOPLIST_FILE = RaceTest/Info.plist;
				IPHONEOS_DEPLOYMENT_TARGET = 14.0;
				LD_RUNPATH_SEARCH_PATHS = (
					"$(inherited)",
					"@executable_path/Frameworks",
				);
				PRODUCT_BUNDLE_IDENTIFIER = com.zenoo.RaceTest;
				PRODUCT_NAME = "$(TARGET_NAME)";
				SWIFT_VERSION = 5.0;
				TARGETED_DEVICE_FAMILY = "1,2";
			};
			name = Release;
		};
		36064F30259055D400CCCB05 /* Debug */ = {
			isa = XCBuildConfiguration;
			buildSettings = {
				ALWAYS_EMBED_SWIFT_STANDARD_LIBRARIES = YES;
				BUNDLE_LOADER = "$(TEST_HOST)";
				CODE_SIGN_STYLE = Automatic;
				INFOPLIST_FILE = RaceTestTests/Info.plist;
				IPHONEOS_DEPLOYMENT_TARGET = 14.0;
				LD_RUNPATH_SEARCH_PATHS = (
					"$(inherited)",
					"@executable_path/Frameworks",
					"@loader_path/Frameworks",
				);
				PRODUCT_BUNDLE_IDENTIFIER = com.zenoo.RaceTestTests;
				PRODUCT_NAME = "$(TARGET_NAME)";
				SWIFT_VERSION = 5.0;
				TARGETED_DEVICE_FAMILY = "1,2";
				TEST_HOST = "$(BUILT_PRODUCTS_DIR)/RaceTest.app/RaceTest";
			};
			name = Debug;
		};
		36064F31259055D400CCCB05 /* Release */ = {
			isa = XCBuildConfiguration;
			buildSettings = {
				ALWAYS_EMBED_SWIFT_STANDARD_LIBRARIES = YES;
				BUNDLE_LOADER = "$(TEST_HOST)";
				CODE_SIGN_STYLE = Automatic;
				INFOPLIST_FILE = RaceTestTests/Info.plist;
				IPHONEOS_DEPLOYMENT_TARGET = 14.0;
				LD_RUNPATH_SEARCH_PATHS = (
					"$(inherited)",
					"@executable_path/Frameworks",
					"@loader_path/Frameworks",
				);
				PRODUCT_BUNDLE_IDENTIFIER = com.zenoo.RaceTestTests;
				PRODUCT_NAME = "$(TARGET_NAME)";
				SWIFT_VERSION = 5.0;
				TARGETED_DEVICE_FAMILY = "1,2";
				TEST_HOST = "$(BUILT_PRODUCTS_DIR)/RaceTest.app/RaceTest";
			};
			name = Release;
		};
		36064F33259055D400CCCB05 /* Debug */ = {
			isa = XCBuildConfiguration;
			buildSettings = {
				ALWAYS_EMBED_SWIFT_STANDARD_LIBRARIES = YES;
				CODE_SIGN_STYLE = Automatic;
				INFOPLIST_FILE = RaceTestUITests/Info.plist;
				LD_RUNPATH_SEARCH_PATHS = (
					"$(inherited)",
					"@executable_path/Frameworks",
					"@loader_path/Frameworks",
				);
				PRODUCT_BUNDLE_IDENTIFIER = com.zenoo.RaceTestUITests;
				PRODUCT_NAME = "$(TARGET_NAME)";
				SWIFT_VERSION = 5.0;
				TARGETED_DEVICE_FAMILY = "1,2";
				TEST_TARGET_NAME = RaceTest;
			};
			name = Debug;
		};
		36064F34259055D400CCCB05 /* Release */ = {
			isa = XCBuildConfiguration;
			buildSettings = {
				ALWAYS_EMBED_SWIFT_STANDARD_LIBRARIES = YES;
				CODE_SIGN_STYLE = Automatic;
				INFOPLIST_FILE = RaceTestUITests/Info.plist;
				LD_RUNPATH_SEARCH_PATHS = (
					"$(inherited)",
					"@executable_path/Frameworks",
					"@loader_path/Frameworks",
				);
				PRODUCT_BUNDLE_IDENTIFIER = com.zenoo.RaceTestUITests;
				PRODUCT_NAME = "$(TARGET_NAME)";
				SWIFT_VERSION = 5.0;
				TARGETED_DEVICE_FAMILY = "1,2";
				TEST_TARGET_NAME = RaceTest;
			};
			name = Release;
		};
/* End XCBuildConfiguration section */

/* Begin XCConfigurationList section */
		36064F02259055CE00CCCB05 /* Build configuration list for PBXProject "RaceTest" */ = {
			isa = XCConfigurationList;
			buildConfigurations = (
				36064F2A259055D400CCCB05 /* Debug */,
				36064F2B259055D400CCCB05 /* Release */,
			);
			defaultConfigurationIsVisible = 0;
			defaultConfigurationName = Release;
		};
		36064F2C259055D400CCCB05 /* Build configuration list for PBXNativeTarget "RaceTest" */ = {
			isa = XCConfigurationList;
			buildConfigurations = (
				36064F2D259055D400CCCB05 /* Debug */,
				36064F2E259055D400CCCB05 /* Release */,
			);
			defaultConfigurationIsVisible = 0;
			defaultConfigurationName = Release;
		};
		36064F2F259055D400CCCB05 /* Build configuration list for PBXNativeTarget "RaceTestTests" */ = {
			isa = XCConfigurationList;
			buildConfigurations = (
				36064F30259055D400CCCB05 /* Debug */,
				36064F31259055D400CCCB05 /* Release */,
			);
			defaultConfigurationIsVisible = 0;
			defaultConfigurationName = Release;
		};
		36064F32259055D400CCCB05 /* Build configuration list for PBXNativeTarget "RaceTestUITests" */ = {
			isa = XCConfigurationList;
			buildConfigurations = (
				36064F33259055D400CCCB05 /* Debug */,
				36064F34259055D400CCCB05 /* Release */,
			);
			defaultConfigurationIsVisible = 0;
			defaultConfigurationName = Release;
		};
/* End XCConfigurationList section */
	};
	rootObject = 36064EFF259055CE00CCCB05 /* Project object */;
}
